
Microsoft Visual Studio Solution File, Format Version 12.00
# Visual Studio 15
VisualStudioVersion = 15.0.27130.2010
MinimumVisualStudioVersion = 10.0.40219.1
Project("{9A19103F-16F7-4668-BE54-9A1E7A4F7556}") = "SocialNetwork", "SocialNetwork\SocialNetwork.csproj", "{EC9B1ADA-C028-469A-AF65-6396C83D3FFF}"
EndProject
Project("{9A19103F-16F7-4668-BE54-9A1E7A4F7556}") = "Users", "Users\Users.csproj", "{6D5C1CAD-B0B8-40E5-9553-C5825708B7F8}"
EndProject
Project("{9A19103F-16F7-4668-BE54-9A1E7A4F7556}") = "Groups", "Groups\Groups.csproj", "{A712EDBE-848B-4356-BF4A-FA735FA20A43}"
EndProject
Project("{9A19103F-16F7-4668-BE54-9A1E7A4F7556}") = "Posts", "Posts\Posts.csproj", "{4EDAB628-E1F5-4D0B-85AF-9E4A37797BEC}"
EndProject
Project("{9A19103F-16F7-4668-BE54-9A1E7A4F7556}") = "Permissions", "Permissions\Permissions.csproj", "{6F0607AC-CA14-4C6F-BB49-E91A3029A30A}"
EndProject
Project("{2150E333-8FDC-42A3-9474-1A3956D46DE8}") = "tests", "tests", "{DE862BA5-CC96-417A-9FBB-1634E1BDECA7}"
EndProject
Project("{9A19103F-16F7-4668-BE54-9A1E7A4F7556}") = "Users.Test", "tests\Users.Test\Users.Test.csproj", "{BFD89F3A-046C-425B-81A7-D46BC2B670C6}"
EndProject
Project("{9A19103F-16F7-4668-BE54-9A1E7A4F7556}") = "TestsCommon", "tests\TestsCommon\TestsCommon.csproj", "{FD3392CC-8086-4D9F-82E2-B44C14778719}"
EndProject
Project("{9A19103F-16F7-4668-BE54-9A1E7A4F7556}") = "Groups.Test", "Groups.Test\Groups.Test.csproj", "{7304E2A6-043A-43F6-834E-F05971B66FCB}"
EndProject
Project("{FAE04EC0-301F-11D3-BF4B-00C04F79EFBC}") = "Posts.Test", "Posts.Test\Posts.Test.csproj", "{C36A691C-6C89-462C-9119-32B7551AE2F1}"
EndProject
Global
	GlobalSection(SolutionConfigurationPlatforms) = preSolution
		Debug|Any CPU = Debug|Any CPU
		Release|Any CPU = Release|Any CPU
	EndGlobalSection
	GlobalSection(ProjectConfigurationPlatforms) = postSolution
		{EC9B1ADA-C028-469A-AF65-6396C83D3FFF}.Debug|Any CPU.ActiveCfg = Debug|Any CPU
		{EC9B1ADA-C028-469A-AF65-6396C83D3FFF}.Debug|Any CPU.Build.0 = Debug|Any CPU
		{EC9B1ADA-C028-469A-AF65-6396C83D3FFF}.Release|Any CPU.ActiveCfg = Release|Any CPU
		{EC9B1ADA-C028-469A-AF65-6396C83D3FFF}.Release|Any CPU.Build.0 = Release|Any CPU
		{6D5C1CAD-B0B8-40E5-9553-C5825708B7F8}.Debug|Any CPU.ActiveCfg = Debug|Any CPU
		{6D5C1CAD-B0B8-40E5-9553-C5825708B7F8}.Debug|Any CPU.Build.0 = Debug|Any CPU
		{6D5C1CAD-B0B8-40E5-9553-C5825708B7F8}.Release|Any CPU.ActiveCfg = Release|Any CPU
		{6D5C1CAD-B0B8-40E5-9553-C5825708B7F8}.Release|Any CPU.Build.0 = Release|Any CPU
		{A712EDBE-848B-4356-BF4A-FA735FA20A43}.Debug|Any CPU.ActiveCfg = Debug|Any CPU
		{A712EDBE-848B-4356-BF4A-FA735FA20A43}.Debug|Any CPU.Build.0 = Debug|Any CPU
		{A712EDBE-848B-4356-BF4A-FA735FA20A43}.Release|Any CPU.ActiveCfg = Release|Any CPU
		{A712EDBE-848B-4356-BF4A-FA735FA20A43}.Release|Any CPU.Build.0 = Release|Any CPU
		{4EDAB628-E1F5-4D0B-85AF-9E4A37797BEC}.Debug|Any CPU.ActiveCfg = Debug|Any CPU
		{4EDAB628-E1F5-4D0B-85AF-9E4A37797BEC}.Debug|Any CPU.Build.0 = Debug|Any CPU
		{4EDAB628-E1F5-4D0B-85AF-9E4A37797BEC}.Release|Any CPU.ActiveCfg = Release|Any CPU
		{4EDAB628-E1F5-4D0B-85AF-9E4A37797BEC}.Release|Any CPU.Build.0 = Release|Any CPU
		{6F0607AC-CA14-4C6F-BB49-E91A3029A30A}.Debug|Any CPU.ActiveCfg = Debug|Any CPU
		{6F0607AC-CA14-4C6F-BB49-E91A3029A30A}.Debug|Any CPU.Build.0 = Debug|Any CPU
		{6F0607AC-CA14-4C6F-BB49-E91A3029A30A}.Release|Any CPU.ActiveCfg = Release|Any CPU
		{6F0607AC-CA14-4C6F-BB49-E91A3029A30A}.Release|Any CPU.Build.0 = Release|Any CPU
		{BFD89F3A-046C-425B-81A7-D46BC2B670C6}.Debug|Any CPU.ActiveCfg = Debug|Any CPU
		{BFD89F3A-046C-425B-81A7-D46BC2B670C6}.Debug|Any CPU.Build.0 = Debug|Any CPU
		{BFD89F3A-046C-425B-81A7-D46BC2B670C6}.Release|Any CPU.ActiveCfg = Release|Any CPU
		{BFD89F3A-046C-425B-81A7-D46BC2B670C6}.Release|Any CPU.Build.0 = Release|Any CPU
		{FD3392CC-8086-4D9F-82E2-B44C14778719}.Debug|Any CPU.ActiveCfg = Debug|Any CPU
		{FD3392CC-8086-4D9F-82E2-B44C14778719}.Debug|Any CPU.Build.0 = Debug|Any CPU
		{FD3392CC-8086-4D9F-82E2-B44C14778719}.Release|Any CPU.ActiveCfg = Release|Any CPU
		{FD3392CC-8086-4D9F-82E2-B44C14778719}.Release|Any CPU.Build.0 = Release|Any CPU
		{7304E2A6-043A-43F6-834E-F05971B66FCB}.Debug|Any CPU.ActiveCfg = Debug|Any CPU
		{7304E2A6-043A-43F6-834E-F05971B66FCB}.Debug|Any CPU.Build.0 = Debug|Any CPU
		{7304E2A6-043A-43F6-834E-F05971B66FCB}.Release|Any CPU.ActiveCfg = Release|Any CPU
		{7304E2A6-043A-43F6-834E-F05971B66FCB}.Release|Any CPU.Build.0 = Release|Any CPU
		{C36A691C-6C89-462C-9119-32B7551AE2F1}.Debug|Any CPU.ActiveCfg = Debug|Any CPU
		{C36A691C-6C89-462C-9119-32B7551AE2F1}.Debug|Any CPU.Build.0 = Debug|Any CPU
		{C36A691C-6C89-462C-9119-32B7551AE2F1}.Release|Any CPU.ActiveCfg = Release|Any CPU
		{C36A691C-6C89-462C-9119-32B7551AE2F1}.Release|Any CPU.Build.0 = Release|Any CPU
	EndGlobalSection
	GlobalSection(SolutionProperties) = preSolution
		HideSolutionNode = FALSE
	EndGlobalSection
	GlobalSection(NestedProjects) = preSolution
		{BFD89F3A-046C-425B-81A7-D46BC2B670C6} = {DE862BA5-CC96-417A-9FBB-1634E1BDECA7}
		{FD3392CC-8086-4D9F-82E2-B44C14778719} = {DE862BA5-CC96-417A-9FBB-1634E1BDECA7}
		{7304E2A6-043A-43F6-834E-F05971B66FCB} = {DE862BA5-CC96-417A-9FBB-1634E1BDECA7}
		{C36A691C-6C89-462C-9119-32B7551AE2F1} = {DE862BA5-CC96-417A-9FBB-1634E1BDECA7}
	EndGlobalSection
	GlobalSection(ExtensibilityGlobals) = postSolution
		SolutionGuid = {F28ACF4D-DFA8-4C27-B58B-4B5DE66189B3}
	EndGlobalSection
EndGlobal
